
Microsoft Visual Studio Solution File, Format Version 12.00
Project("{2150E333-8FDC-42A3-9474-1A3956D46DE8}") = "tests", "tests", "{15B9B53D-2FF8-4655-8FBA-09429A759B7A}"
EndProject
Project("{2150E333-8FDC-42A3-9474-1A3956D46DE8}") = "src", "src", "{B663BF20-9476-41E6-85FD-CEB32A372B71}"
EndProject
Project("{FAE04EC0-301F-11D3-BF4B-00C04F79EFBC}") = "Domain", "src\Domain\Domain.csproj", "{99CA2991-763F-4BCC-B196-F51F73596A97}"
EndProject
Project("{FAE04EC0-301F-11D3-BF4B-00C04F79EFBC}") = "Application", "src\Application\Application.csproj", "{18BCF000-9C57-4483-9A4F-40D93868C7F3}"
EndProject
Project("{FAE04EC0-301F-11D3-BF4B-00C04F79EFBC}") = "Infrastructure", "src\Infrastructure\Infrastructure.csproj", "{D793CAB2-6AF8-42EE-91F3-1B5F1BB0E8D2}"
EndProject
Project("{FAE04EC0-301F-11D3-BF4B-00C04F79EFBC}") = "ConsoleApp", "src\ConsoleApp\ConsoleApp.csproj", "{D596DC92-164A-40A4-8C68-235AAC72CAAB}"
EndProject
Project("{FAE04EC0-301F-11D3-BF4B-00C04F79EFBC}") = "Application.UnitTests", "tests\Application.UnitTests\Application.UnitTests.csproj", "{FEF227A9-18D6-459C-BE52-9363C6E4DD2A}"
EndProject
Project("{FAE04EC0-301F-11D3-BF4B-00C04F79EFBC}") = "Domain.UnitTests", "tests\Domain.UnitTests\Domain.UnitTests.csproj", "{07D7E690-2687-4F4C-B8C9-C6C71EACDD50}"
EndProject
Project("{FAE04EC0-301F-11D3-BF4B-00C04F79EFBC}") = "Application.IntegrationTests", "tests\Application.IntegrationTests\Application.IntegrationTests.csproj", "{DC8B2F56-F33C-4BFD-BF41-E2B31440B8CA}"
EndProject
Global
	GlobalSection(SolutionConfigurationPlatforms) = preSolution
		Debug|Any CPU = Debug|Any CPU
		Release|Any CPU = Release|Any CPU
	EndGlobalSection
	GlobalSection(NestedProjects) = preSolution
		{99CA2991-763F-4BCC-B196-F51F73596A97} = {B663BF20-9476-41E6-85FD-CEB32A372B71}
		{18BCF000-9C57-4483-9A4F-40D93868C7F3} = {B663BF20-9476-41E6-85FD-CEB32A372B71}
		{D793CAB2-6AF8-42EE-91F3-1B5F1BB0E8D2} = {B663BF20-9476-41E6-85FD-CEB32A372B71}
		{D596DC92-164A-40A4-8C68-235AAC72CAAB} = {B663BF20-9476-41E6-85FD-CEB32A372B71}
		{FEF227A9-18D6-459C-BE52-9363C6E4DD2A} = {15B9B53D-2FF8-4655-8FBA-09429A759B7A}
		{07D7E690-2687-4F4C-B8C9-C6C71EACDD50} = {15B9B53D-2FF8-4655-8FBA-09429A759B7A}
		{DC8B2F56-F33C-4BFD-BF41-E2B31440B8CA} = {15B9B53D-2FF8-4655-8FBA-09429A759B7A}
	EndGlobalSection
	GlobalSection(ProjectConfigurationPlatforms) = postSolution
		{99CA2991-763F-4BCC-B196-F51F73596A97}.Debug|Any CPU.ActiveCfg = Debug|Any CPU
		{99CA2991-763F-4BCC-B196-F51F73596A97}.Debug|Any CPU.Build.0 = Debug|Any CPU
		{99CA2991-763F-4BCC-B196-F51F73596A97}.Release|Any CPU.ActiveCfg = Release|Any CPU
		{99CA2991-763F-4BCC-B196-F51F73596A97}.Release|Any CPU.Build.0 = Release|Any CPU
		{18BCF000-9C57-4483-9A4F-40D93868C7F3}.Debug|Any CPU.ActiveCfg = Debug|Any CPU
		{18BCF000-9C57-4483-9A4F-40D93868C7F3}.Debug|Any CPU.Build.0 = Debug|Any CPU
		{18BCF000-9C57-4483-9A4F-40D93868C7F3}.Release|Any CPU.ActiveCfg = Release|Any CPU
		{18BCF000-9C57-4483-9A4F-40D93868C7F3}.Release|Any CPU.Build.0 = Release|Any CPU
		{D793CAB2-6AF8-42EE-91F3-1B5F1BB0E8D2}.Debug|Any CPU.ActiveCfg = Debug|Any CPU
		{D793CAB2-6AF8-42EE-91F3-1B5F1BB0E8D2}.Debug|Any CPU.Build.0 = Debug|Any CPU
		{D793CAB2-6AF8-42EE-91F3-1B5F1BB0E8D2}.Release|Any CPU.ActiveCfg = Release|Any CPU
		{D793CAB2-6AF8-42EE-91F3-1B5F1BB0E8D2}.Release|Any CPU.Build.0 = Release|Any CPU
		{D596DC92-164A-40A4-8C68-235AAC72CAAB}.Debug|Any CPU.ActiveCfg = Debug|Any CPU
		{D596DC92-164A-40A4-8C68-235AAC72CAAB}.Debug|Any CPU.Build.0 = Debug|Any CPU
		{D596DC92-164A-40A4-8C68-235AAC72CAAB}.Release|Any CPU.ActiveCfg = Release|Any CPU
		{D596DC92-164A-40A4-8C68-235AAC72CAAB}.Release|Any CPU.Build.0 = Release|Any CPU
		{FEF227A9-18D6-459C-BE52-9363C6E4DD2A}.Debug|Any CPU.ActiveCfg = Debug|Any CPU
		{FEF227A9-18D6-459C-BE52-9363C6E4DD2A}.Debug|Any CPU.Build.0 = Debug|Any CPU
		{FEF227A9-18D6-459C-BE52-9363C6E4DD2A}.Release|Any CPU.ActiveCfg = Release|Any CPU
		{FEF227A9-18D6-459C-BE52-9363C6E4DD2A}.Release|Any CPU.Build.0 = Release|Any CPU
		{07D7E690-2687-4F4C-B8C9-C6C71EACDD50}.Debug|Any CPU.ActiveCfg = Debug|Any CPU
		{07D7E690-2687-4F4C-B8C9-C6C71EACDD50}.Debug|Any CPU.Build.0 = Debug|Any CPU
		{07D7E690-2687-4F4C-B8C9-C6C71EACDD50}.Release|Any CPU.ActiveCfg = Release|Any CPU
		{07D7E690-2687-4F4C-B8C9-C6C71EACDD50}.Release|Any CPU.Build.0 = Release|Any CPU
		{DC8B2F56-F33C-4BFD-BF41-E2B31440B8CA}.Debug|Any CPU.ActiveCfg = Debug|Any CPU
		{DC8B2F56-F33C-4BFD-BF41-E2B31440B8CA}.Debug|Any CPU.Build.0 = Debug|Any CPU
		{DC8B2F56-F33C-4BFD-BF41-E2B31440B8CA}.Release|Any CPU.ActiveCfg = Release|Any CPU
		{DC8B2F56-F33C-4BFD-BF41-E2B31440B8CA}.Release|Any CPU.Build.0 = Release|Any CPU
	EndGlobalSection
EndGlobal
